<?xml version="1.0" encoding="utf-8"?>
<Project ToolsVersion="4.0" xmlns="http://schemas.microsoft.com/developer/msbuild/2003">
  <ItemGroup>
    <Inf Include="amd64utils.inf" />
  </ItemGroup>
  <ItemGroup>
    <Filter Include="amd64utils">
      <UniqueIdentifier>{3f86c53b-f332-4669-aa21-ef4089e47f44}</UniqueIdentifier>
    </Filter>
    <Filter Include="amd64utils\include">
      <UniqueIdentifier>{63f68371-4ca8-4955-825e-db78ae3c6b8c}</UniqueIdentifier>
    </Filter>
    <Filter Include="amd64utils\impl">
      <UniqueIdentifier>{2677269f-9d9c-42a9-a8e1-8bfb2bf1c0e4}</UniqueIdentifier>
    </Filter>
  </ItemGroup>
  <ItemGroup>
    <None Include=".gitignore" />
    <None Include="README.md" />
  </ItemGroup>
  <ItemGroup>
    <ClCompile Include="amd64utils\impl\segmentation.cpp">
      <Filter>amd64utils\impl</Filter>
    </ClCompile>
    <ClCompile Include="amd64utils\tests.cpp">
      <Filter>amd64utils</Filter>
    </ClCompile>
    <ClCompile Include="amd64utils\impl\paging.cpp">
      <Filter>amd64utils\impl</Filter>
    </ClCompile>
  </ItemGroup>
  <ItemGroup>
    <MASM Include="amd64utils\impl\req_asm.asm">
      <Filter>amd64utils\impl</Filter>
    </MASM>
  </ItemGroup>
  <ItemGroup>
    <ClInclude Include="amd64utils\include\amd64.hpp">
      <Filter>amd64utils\include</Filter>
    </ClInclude>
    <ClInclude Include="amd64utils\include\interrupts.hpp">
      <Filter>amd64utils\include</Filter>
    </ClInclude>
    <ClInclude Include="amd64utils\include\segmentation.hpp">
      <Filter>amd64utils\include</Filter>
    </ClInclude>
    <ClInclude Include="amd64utils\include\paging.hpp">
      <Filter>amd64utils\include</Filter>
    </ClInclude>
    <ClInclude Include="amd64utils\include\cpuid.hpp">
      <Filter>amd64utils\include</Filter>
    </ClInclude>
  </ItemGroup>
</Project>